{
  "name": "curve-finance",
  "lockfileVersion": 3,
  "requires": true,
  "packages": {
    "": {
      "dependencies": {
        "substreams-sink-csv": "^0.3.1"
      }
    },
    "node_modules/@bufbuild/buf": {
      "version": "1.30.1",
      "resolved": "https://registry.npmjs.org/@bufbuild/buf/-/buf-1.30.1.tgz",
      "integrity": "sha512-9VVvrXBCWUiH8ToccqDfPRuTiPXSbHmSkL8XPlMpUhpJIlm01m4/Vzbc5FJL1yuk3e1rdBGCF6I9Obs9NsILzg==",
      "hasInstallScript": true,
      "peer": true,
      "bin": {
        "buf": "bin/buf",
        "protoc-gen-buf-breaking": "bin/protoc-gen-buf-breaking",
        "protoc-gen-buf-lint": "bin/protoc-gen-buf-lint"
      },
      "engines": {
        "node": ">=12"
      },
      "optionalDependencies": {
        "@bufbuild/buf-darwin-arm64": "1.30.1",
        "@bufbuild/buf-darwin-x64": "1.30.1",
        "@bufbuild/buf-linux-aarch64": "1.30.1",
        "@bufbuild/buf-linux-x64": "1.30.1",
        "@bufbuild/buf-win32-arm64": "1.30.1",
        "@bufbuild/buf-win32-x64": "1.30.1"
      }
    },
    "node_modules/@bufbuild/buf-darwin-arm64": {
      "version": "1.30.1",
      "resolved": "https://registry.npmjs.org/@bufbuild/buf-darwin-arm64/-/buf-darwin-arm64-1.30.1.tgz",
      "integrity": "sha512-FRgf+x4V4s9Z1wH2xHdP8+1AYtil1GCmMjzKf/4AQ+eaUpoLfipSIsVYiBrnpcRxEPe9UMVzwNjKtPak/szwPw==",
      "cpu": [
        "arm64"
      ],
      "optional": true,
      "os": [
        "darwin"
      ],
      "peer": true,
      "engines": {
        "node": ">=12"
      }
    },
    "node_modules/@bufbuild/buf-darwin-x64": {
      "version": "1.30.1",
      "resolved": "https://registry.npmjs.org/@bufbuild/buf-darwin-x64/-/buf-darwin-x64-1.30.1.tgz",
      "integrity": "sha512-kE0ne45zE7lSdv9WxPVhapwu627WMbWmWCzqSxzYr8sWDLqiAuw+XvO9/mHGdPWcMhV4lMX6tutitd9PPVxK8A==",
      "cpu": [
        "x64"
      ],
      "optional": true,
      "os": [
        "darwin"
      ],
      "peer": true,
      "engines": {
        "node": ">=12"
      }
    },
    "node_modules/@bufbuild/buf-linux-aarch64": {
      "version": "1.30.1",
      "resolved": "https://registry.npmjs.org/@bufbuild/buf-linux-aarch64/-/buf-linux-aarch64-1.30.1.tgz",
      "integrity": "sha512-kVV9Sl0GwZiQkMOXJiuwuU+gIHe6AWcYBMRMmuW55sY0ePZNXBmRGt4k5W4ijy98O6pnY3ao+n9ne0KwiD9MVA==",
      "cpu": [
        "arm64"
      ],
      "optional": true,
      "os": [
        "linux"
      ],
      "peer": true,
      "engines": {
        "node": ">=12"
      }
    },
    "node_modules/@bufbuild/buf-linux-x64": {
      "version": "1.30.1",
      "resolved": "https://registry.npmjs.org/@bufbuild/buf-linux-x64/-/buf-linux-x64-1.30.1.tgz",
      "integrity": "sha512-RacDbQJYNwqRlMESa/rLHprfUVa8Wu1/cmcqS29Fyt/cGzs0G8sNcQzQ87HYFIS9cSlSPl6vWL0x8JqQRp68lQ==",
      "cpu": [
        "x64"
      ],
      "optional": true,
      "os": [
        "linux"
      ],
      "peer": true,
      "engines": {
        "node": ">=12"
      }
    },
    "node_modules/@bufbuild/buf-win32-arm64": {
      "version": "1.30.1",
      "resolved": "https://registry.npmjs.org/@bufbuild/buf-win32-arm64/-/buf-win32-arm64-1.30.1.tgz",
      "integrity": "sha512-ndp/qb5M6yrSzcnMI0j4jjAuDKa7zHBFc187FwyDb3v63rvyQeYqncHb0leT5ZWqfNggJT4vXIH6QnH82PfDQw==",
      "cpu": [
        "arm64"
      ],
      "optional": true,
      "os": [
        "win32"
      ],
      "peer": true,
      "engines": {
        "node": ">=12"
      }
    },
    "node_modules/@bufbuild/buf-win32-x64": {
      "version": "1.30.1",
      "resolved": "https://registry.npmjs.org/@bufbuild/buf-win32-x64/-/buf-win32-x64-1.30.1.tgz",
      "integrity": "sha512-1kmIY6oKLKZ4zIQVNG60GRDp+vKSZdaim7wRejOtgEDuWXhIuErlnGbpstypU8FO+OV3SeFUJNOJ8tLOYd3PvQ==",
      "cpu": [
        "x64"
      ],
      "optional": true,
      "os": [
        "win32"
      ],
      "peer": true,
      "engines": {
        "node": ">=12"
      }
    },
    "node_modules/@bufbuild/protobuf": {
      "version": "1.8.0",
      "resolved": "https://registry.npmjs.org/@bufbuild/protobuf/-/protobuf-1.8.0.tgz",
      "integrity": "sha512-qR9FwI8QKIveDnUYutvfzbC21UZJJryYrLuZGjeZ/VGz+vXelUkK+xgkOHsvPEdYEdxtgUUq4313N8QtOehJ1Q=="
    },
    "node_modules/@connectrpc/connect": {
      "version": "1.4.0",
      "resolved": "https://registry.npmjs.org/@connectrpc/connect/-/connect-1.4.0.tgz",
      "integrity": "sha512-vZeOkKaAjyV4+RH3+rJZIfDFJAfr+7fyYr6sLDKbYX3uuTVszhFe9/YKf5DNqrDb5cKdKVlYkGn6DTDqMitAnA==",
      "peerDependencies": {
        "@bufbuild/protobuf": "^1.4.2"
      }
    },
    "node_modules/@connectrpc/connect-node": {
      "version": "1.4.0",
      "resolved": "https://registry.npmjs.org/@connectrpc/connect-node/-/connect-node-1.4.0.tgz",
      "integrity": "sha512-0ANnrr6SvsjevsWEgdzHy7BaHkluZyS6s4xNoVt7RBHFR5V/kT9lPokoIbYUOU9JHzdRgTaS3x5595mwUsu15g==",
      "dependencies": {
        "undici": "^5.28.3"
      },
      "engines": {
        "node": ">=16.0.0"
      },
      "peerDependencies": {
        "@bufbuild/protobuf": "^1.4.2",
        "@connectrpc/connect": "1.4.0"
      }
    },
    "node_modules/@connectrpc/connect-web": {
      "version": "1.4.0",
      "resolved": "https://registry.npmjs.org/@connectrpc/connect-web/-/connect-web-1.4.0.tgz",
      "integrity": "sha512-13aO4psFbbm7rdOFGV0De2Za64DY/acMspgloDlcOKzLPPs0yZkhp1OOzAQeiAIr7BM/VOHIA3p8mF0inxCYTA==",
      "peerDependencies": {
        "@bufbuild/protobuf": "^1.4.2",
        "@connectrpc/connect": "1.4.0"
      }
    },
    "node_modules/@effect/schema": {
      "version": "0.62.9",
      "resolved": "https://registry.npmjs.org/@effect/schema/-/schema-0.62.9.tgz",
      "integrity": "sha512-u5LJqk3MClXr8DxiN/AGUBUxVnsl8o6glOTfToFECn3I+slVW/vbzLMRyUqbNNp2uBpdP6UGwmp9VVYxd72bBg==",
      "peer": true,
      "peerDependencies": {
        "effect": "^2.3.8",
        "fast-check": "^3.13.2"
      }
    },
    "node_modules/@fastify/busboy": {
      "version": "2.1.1",
      "resolved": "https://registry.npmjs.org/@fastify/busboy/-/busboy-2.1.1.tgz",
      "integrity": "sha512-vBZP4NlzfOlerQTnba4aqZoMhE/a9HY7HRqoOPaETQcSQuWEIyZMHGfVu6w9wGtGK5fED5qRs2DteVCjOH60sA==",
      "engines": {
        "node": ">=14"
      }
    },
    "node_modules/@opentelemetry/api": {
      "version": "1.8.0",
      "resolved": "https://registry.npmjs.org/@opentelemetry/api/-/api-1.8.0.tgz",
      "integrity": "sha512-I/s6F7yKUDdtMsoBWXJe8Qz40Tui5vsuKCWJEWVL+5q9sSWRzzx6v2KeNsOBEwd94j0eWkpWCH4yB6rZg9Mf0w==",
      "engines": {
        "node": ">=8.0.0"
      }
    },
    "node_modules/@sinclair/typebox": {
      "version": "0.32.21",
      "resolved": "https://registry.npmjs.org/@sinclair/typebox/-/typebox-0.32.21.tgz",
      "integrity": "sha512-mIJHip7dc98j2KAUvwqmkSn02R8dNk7698g5Vb7J58fLLMSEBNi1ps10WzNM5HcKH90SvyFb3Vny6BvBmt5GnQ=="
    },
    "node_modules/@substreams/core": {
      "version": "0.15.1",
      "resolved": "https://registry.npmjs.org/@substreams/core/-/core-0.15.1.tgz",
      "integrity": "sha512-zxk/KzSCaR3C+1La9I6tfLp2SJGEARxol8Mwa/wMNOsXUvsZ57Fhm515IYwoUO8HSdi/L+OwOpzjvb4NTJwSKA==",
      "peerDependencies": {
        "@bufbuild/protobuf": "^1.7.2",
        "@connectrpc/connect": "^1.3.0"
      }
    },
    "node_modules/@substreams/manifest": {
      "version": "0.14.1",
      "resolved": "https://registry.npmjs.org/@substreams/manifest/-/manifest-0.14.1.tgz",
      "integrity": "sha512-NKxNmiVki41wPGmGewQBkpzDc6HOMkK2JIZR4mPczSA3tRIxwiTcK027X5Na3mpaxJawbzAOHGSuJNbS+IBYJQ==",
      "dependencies": {
        "@substreams/core": "0.15.1"
      },
      "peerDependencies": {
        "@bufbuild/buf": "^1.29.0",
        "@bufbuild/protobuf": "^1.7.2",
        "@effect/schema": "^0.62.0",
        "effect": "^2.3.0",
        "yaml": "^2.3.4"
      }
    },
    "node_modules/@substreams/node": {
      "version": "0.6.2",
      "resolved": "https://registry.npmjs.org/@substreams/node/-/node-0.6.2.tgz",
      "integrity": "sha512-as/LbCOy4YM9UGFZ4eIfNJircDPnm2BYUCk4Fc1U6SakLGBG1Glbnc6c63PIxxonO2zpxu1yYPLu/BXdFCjXWQ==",
      "dependencies": {
        "@bufbuild/protobuf": "latest",
        "@connectrpc/connect": "latest",
        "@connectrpc/connect-node": "latest",
        "@connectrpc/connect-web": "latest",
        "@substreams/core": "latest",
        "eventemitter3": "latest"
      },
      "engines": {
        "node": ">=18"
      }
    },
    "node_modules/@substreams/sink-database-changes": {
      "version": "0.3.6",
      "resolved": "https://registry.npmjs.org/@substreams/sink-database-changes/-/sink-database-changes-0.3.6.tgz",
      "integrity": "sha512-GwjoFBY6ODTuxYtlkz0jSJLD+gcWsJP/Cl4i6vRLqbgnE514r6EUFHc6TsrXPKqaxFTGiOedO+hzSai+0RYOrQ==",
      "dependencies": {
        "@bufbuild/protobuf": "latest",
        "@sinclair/typebox": "latest",
        "zod": "latest"
      }
    },
    "node_modules/@substreams/sink-entity-changes": {
      "version": "0.3.11",
      "resolved": "https://registry.npmjs.org/@substreams/sink-entity-changes/-/sink-entity-changes-0.3.11.tgz",
      "integrity": "sha512-flWn/IiZE5luQDloUCoy9MzIoptQPj416GA0V6sowcFy9mgii2y5hCv/Ck3VlZqW0zPWuNml2DI+SZUTCSvJBw==",
      "dependencies": {
        "@bufbuild/protobuf": "latest",
        "@sinclair/typebox": "latest",
        "zod": "latest"
      }
    },
    "node_modules/ansi-escapes": {
      "version": "6.2.1",
      "resolved": "https://registry.npmjs.org/ansi-escapes/-/ansi-escapes-6.2.1.tgz",
      "integrity": "sha512-4nJ3yixlEthEJ9Rk4vPcdBRkZvQZlYyu8j4/Mqz5sgIkddmEnH2Yj2ZrnP9S3tQOvSNRUIgVNF/1yPpRAGNRig==",
      "engines": {
        "node": ">=14.16"
      },
      "funding": {
        "url": "https://github.com/sponsors/sindresorhus"
      }
    },
    "node_modules/ansi-regex": {
      "version": "6.0.1",
      "resolved": "https://registry.npmjs.org/ansi-regex/-/ansi-regex-6.0.1.tgz",
      "integrity": "sha512-n5M855fKb2SsfMIiFFoVrABHJC8QtHwVx+mHWP3QcEqBHYienj5dHSgjbxtC0WEZXYt4wcD6zrQElDPhFuZgfA==",
      "engines": {
        "node": ">=12"
      },
      "funding": {
        "url": "https://github.com/chalk/ansi-regex?sponsor=1"
      }
    },
    "node_modules/ansi-styles": {
      "version": "6.2.1",
      "resolved": "https://registry.npmjs.org/ansi-styles/-/ansi-styles-6.2.1.tgz",
      "integrity": "sha512-bN798gFfQX+viw3R7yrGWRqnrN2oRkEkUjjl4JNn4E8GxxbjtG3FbrEIIY3l8/hrwUwIeCZvi4QuOTP4MErVug==",
      "engines": {
        "node": ">=12"
      },
      "funding": {
        "url": "https://github.com/chalk/ansi-styles?sponsor=1"
      }
    },
    "node_modules/bintrees": {
      "version": "1.0.2",
      "resolved": "https://registry.npmjs.org/bintrees/-/bintrees-1.0.2.tgz",
      "integrity": "sha512-VOMgTMwjAaUG580SXn3LacVgjurrbMme7ZZNYGSSV7mmtY6QQRh0Eg3pwIcntQ77DErK1L0NxkbetjcoXzVwKw=="
    },
    "node_modules/cli-cursor": {
      "version": "4.0.0",
      "resolved": "https://registry.npmjs.org/cli-cursor/-/cli-cursor-4.0.0.tgz",
      "integrity": "sha512-VGtlMu3x/4DOtIUwEkRezxUZ2lBacNJCHash0N0WeZDBS+7Ux1dm3XWAgWYxLJFMMdOeXMHXorshEFhbMSGelg==",
      "dependencies": {
        "restore-cursor": "^4.0.0"
      },
      "engines": {
        "node": "^12.20.0 || ^14.13.1 || >=16.0.0"
      },
      "funding": {
        "url": "https://github.com/sponsors/sindresorhus"
      }
    },
    "node_modules/commander": {
      "version": "12.0.0",
      "resolved": "https://registry.npmjs.org/commander/-/commander-12.0.0.tgz",
      "integrity": "sha512-MwVNWlYjDTtOjX5PiD7o5pK0UrFU/OYgcJfjjK4RaHZETNtjJqrZa9Y9ds88+A+f+d5lv+561eZ+yCKoS3gbAA==",
      "engines": {
        "node": ">=18"
      }
    },
    "node_modules/dotenv": {
      "version": "16.4.5",
      "resolved": "https://registry.npmjs.org/dotenv/-/dotenv-16.4.5.tgz",
      "integrity": "sha512-ZmdL2rui+eB2YwhsWzjInR8LldtZHGDoQ1ugH85ppHKwpUHL7j7rN0Ti9NCnGiQbhaZ11FpR+7ao1dNsmduNUg==",
      "engines": {
        "node": ">=12"
      },
      "funding": {
        "url": "https://dotenvx.com"
      }
    },
    "node_modules/effect": {
      "version": "2.4.19",
      "resolved": "https://registry.npmjs.org/effect/-/effect-2.4.19.tgz",
      "integrity": "sha512-z/rn878Po3n522g/AYUDHD1SsZaZdvRxlTCLQ8xl8H6xA82nBwwooD1mdn/73Uywmp7d84oay3w3528r0Uyd0w==",
      "peer": true
    },
    "node_modules/emoji-regex": {
      "version": "10.3.0",
      "resolved": "https://registry.npmjs.org/emoji-regex/-/emoji-regex-10.3.0.tgz",
      "integrity": "sha512-QpLs9D9v9kArv4lfDEgg1X/gN5XLnf/A6l9cs8SPZLRZR3ZkY9+kwIQTxm+fsSej5UMYGE8fdoaZVIBlqG0XTw=="
    },
    "node_modules/eventemitter3": {
      "version": "5.0.1",
      "resolved": "https://registry.npmjs.org/eventemitter3/-/eventemitter3-5.0.1.tgz",
      "integrity": "sha512-GWkBvjiSZK87ELrYOSESUYeVIc9mvLLf/nXalMOS5dYrgZq9o5OVkbZAVM06CVxYsCwH9BDZFPlQTlPA1j4ahA=="
    },
    "node_modules/fast-check": {
      "version": "3.17.1",
      "resolved": "https://registry.npmjs.org/fast-check/-/fast-check-3.17.1.tgz",
      "integrity": "sha512-jIKXJVe6ZO0SpwEgVtEVujTf8TwjI9wMXFJCjsDHUB3RroUbXBgF4kOSz3A7MW0UR26aqsoB8i9O2mjtjERAiA==",
      "funding": [
        {
          "type": "individual",
          "url": "https://github.com/sponsors/dubzzz"
        },
        {
          "type": "opencollective",
          "url": "https://opencollective.com/fast-check"
        }
      ],
      "peer": true,
      "dependencies": {
        "pure-rand": "^6.1.0"
      },
      "engines": {
        "node": ">=8.0.0"
      }
    },
    "node_modules/get-east-asian-width": {
      "version": "1.2.0",
      "resolved": "https://registry.npmjs.org/get-east-asian-width/-/get-east-asian-width-1.2.0.tgz",
      "integrity": "sha512-2nk+7SIVb14QrgXFHcm84tD4bKQz0RxPuMT8Ag5KPOq7J5fEmAg0UbXdTOSHqNuHSU28k55qnceesxXRZGzKWA==",
      "engines": {
        "node": ">=18"
      },
      "funding": {
        "url": "https://github.com/sponsors/sindresorhus"
      }
    },
    "node_modules/is-fullwidth-code-point": {
      "version": "5.0.0",
      "resolved": "https://registry.npmjs.org/is-fullwidth-code-point/-/is-fullwidth-code-point-5.0.0.tgz",
      "integrity": "sha512-OVa3u9kkBbw7b8Xw5F9P+D/T9X+Z4+JruYVNapTjPYZYUznQ5YfWeFkOj606XYYW8yugTfC8Pj0hYqvi4ryAhA==",
      "dependencies": {
        "get-east-asian-width": "^1.0.0"
      },
      "engines": {
        "node": ">=18"
      },
      "funding": {
        "url": "https://github.com/sponsors/sindresorhus"
      }
    },
    "node_modules/log-update": {
      "version": "6.0.0",
      "resolved": "https://registry.npmjs.org/log-update/-/log-update-6.0.0.tgz",
      "integrity": "sha512-niTvB4gqvtof056rRIrTZvjNYE4rCUzO6X/X+kYjd7WFxXeJ0NwEFnRxX6ehkvv3jTwrXnNdtAak5XYZuIyPFw==",
      "dependencies": {
        "ansi-escapes": "^6.2.0",
        "cli-cursor": "^4.0.0",
        "slice-ansi": "^7.0.0",
        "strip-ansi": "^7.1.0",
        "wrap-ansi": "^9.0.0"
      },
      "engines": {
        "node": ">=18"
      },
      "funding": {
        "url": "https://github.com/sponsors/sindresorhus"
      }
    },
    "node_modules/mimic-fn": {
      "version": "2.1.0",
      "resolved": "https://registry.npmjs.org/mimic-fn/-/mimic-fn-2.1.0.tgz",
      "integrity": "sha512-OqbOk5oEQeAZ8WXWydlu9HJjz9WVdEIvamMCcXmuqUYjTknH/sqsWvhQ3vgwKFRR1HpjvNBKQ37nbJgYzGqGcg==",
      "engines": {
        "node": ">=6"
      }
    },
    "node_modules/onetime": {
      "version": "5.1.2",
      "resolved": "https://registry.npmjs.org/onetime/-/onetime-5.1.2.tgz",
      "integrity": "sha512-kbpaSSGJTWdAY5KPVeMOKXSrPtr8C8C7wodJbcsd51jRnmD+GZu8Y0VoU6Dm5Z4vWr0Ig/1NKuWRKf7j5aaYSg==",
      "dependencies": {
        "mimic-fn": "^2.1.0"
      },
      "engines": {
        "node": ">=6"
      },
      "funding": {
        "url": "https://github.com/sponsors/sindresorhus"
      }
    },
    "node_modules/prom-client": {
      "version": "15.1.2",
      "resolved": "https://registry.npmjs.org/prom-client/-/prom-client-15.1.2.tgz",
      "integrity": "sha512-on3h1iXb04QFLLThrmVYg1SChBQ9N1c+nKAjebBjokBqipddH3uxmOUcEkTnzmJ8Jh/5TSUnUqS40i2QB2dJHQ==",
      "dependencies": {
        "@opentelemetry/api": "^1.4.0",
        "tdigest": "^0.1.1"
      },
      "engines": {
        "node": "^16 || ^18 || >=20"
      }
    },
    "node_modules/pure-rand": {
      "version": "6.1.0",
      "resolved": "https://registry.npmjs.org/pure-rand/-/pure-rand-6.1.0.tgz",
      "integrity": "sha512-bVWawvoZoBYpp6yIoQtQXHZjmz35RSVHnUOTefl8Vcjr8snTPY1wnpSPMWekcFwbxI6gtmT7rSYPFvz71ldiOA==",
      "funding": [
        {
          "type": "individual",
          "url": "https://github.com/sponsors/dubzzz"
        },
        {
          "type": "opencollective",
          "url": "https://opencollective.com/fast-check"
        }
      ],
      "peer": true
    },
    "node_modules/restore-cursor": {
      "version": "4.0.0",
      "resolved": "https://registry.npmjs.org/restore-cursor/-/restore-cursor-4.0.0.tgz",
      "integrity": "sha512-I9fPXU9geO9bHOt9pHHOhOkYerIMsmVaWB0rA2AI9ERh/+x/i7MV5HKBNrg+ljO5eoPVgCcnFuRjJ9uH6I/3eg==",
      "dependencies": {
        "onetime": "^5.1.0",
        "signal-exit": "^3.0.2"
      },
      "engines": {
        "node": "^12.20.0 || ^14.13.1 || >=16.0.0"
      },
      "funding": {
        "url": "https://github.com/sponsors/sindresorhus"
      }
    },
    "node_modules/signal-exit": {
      "version": "3.0.7",
      "resolved": "https://registry.npmjs.org/signal-exit/-/signal-exit-3.0.7.tgz",
      "integrity": "sha512-wnD2ZE+l+SPC/uoS0vXeE9L1+0wuaMqKlfz9AMUo38JsyLSBWSFcHR1Rri62LZc12vLr1gb3jl7iwQhgwpAbGQ=="
    },
    "node_modules/slice-ansi": {
      "version": "7.1.0",
      "resolved": "https://registry.npmjs.org/slice-ansi/-/slice-ansi-7.1.0.tgz",
      "integrity": "sha512-bSiSngZ/jWeX93BqeIAbImyTbEihizcwNjFoRUIY/T1wWQsfsm2Vw1agPKylXvQTU7iASGdHhyqRlqQzfz+Htg==",
      "dependencies": {
        "ansi-styles": "^6.2.1",
        "is-fullwidth-code-point": "^5.0.0"
      },
      "engines": {
        "node": ">=18"
      },
      "funding": {
        "url": "https://github.com/chalk/slice-ansi?sponsor=1"
      }
    },
    "node_modules/string-width": {
      "version": "7.1.0",
      "resolved": "https://registry.npmjs.org/string-width/-/string-width-7.1.0.tgz",
      "integrity": "sha512-SEIJCWiX7Kg4c129n48aDRwLbFb2LJmXXFrWBG4NGaRtMQ3myKPKbwrD1BKqQn74oCoNMBVrfDEr5M9YxCsrkw==",
      "dependencies": {
        "emoji-regex": "^10.3.0",
        "get-east-asian-width": "^1.0.0",
        "strip-ansi": "^7.1.0"
      },
      "engines": {
        "node": ">=18"
      },
      "funding": {
        "url": "https://github.com/sponsors/sindresorhus"
      }
    },
    "node_modules/strip-ansi": {
      "version": "7.1.0",
      "resolved": "https://registry.npmjs.org/strip-ansi/-/strip-ansi-7.1.0.tgz",
      "integrity": "sha512-iq6eVVI64nQQTRYq2KtEg2d2uU7LElhTJwsH4YzIHZshxlgZms/wIc4VoDQTlG/IvVIrBKG06CrZnp0qv7hkcQ==",
      "dependencies": {
        "ansi-regex": "^6.0.1"
      },
      "engines": {
        "node": ">=12"
      },
      "funding": {
        "url": "https://github.com/chalk/strip-ansi?sponsor=1"
      }
    },
    "node_modules/substreams-sink": {
      "version": "0.16.0",
      "resolved": "https://registry.npmjs.org/substreams-sink/-/substreams-sink-0.16.0.tgz",
      "integrity": "sha512-wvkWsu0jyiRyPCKrAl852A0MeUazlGSXMeg7WDRK9fe1vLZopAts3wn2ODuM10R3e8QJxqFQgmNH9+Qipr5rVg==",
      "dependencies": {
        "@substreams/core": "^0.15.1",
        "@substreams/manifest": "^0.14.1",
        "@substreams/node": "^0.6.2",
        "commander": "latest",
        "dotenv": "latest",
        "prom-client": "latest",
        "tslog": "latest"
      },
      "engines": {
        "node": ">=20"
      }
    },
    "node_modules/substreams-sink-csv": {
      "version": "0.3.1",
      "resolved": "https://registry.npmjs.org/substreams-sink-csv/-/substreams-sink-csv-0.3.1.tgz",
      "integrity": "sha512-pj9DS1tuuvxZM1gTG9+vHwzm0OxZPXNgk71nI/RJzjFRqLD+TLPZ6tvF/xAWgb25MZBiY8zcG2jlCK8H8TKa2w==",
      "dependencies": {
        "@substreams/sink-database-changes": "^0.3.6",
        "@substreams/sink-entity-changes": "^0.3.11",
        "log-update": "latest",
        "substreams-sink": "^0.16.0"
      },
      "bin": {
        "substreams-sink-csv": "dist/bin/cli.mjs"
      }
    },
    "node_modules/tdigest": {
      "version": "0.1.2",
      "resolved": "https://registry.npmjs.org/tdigest/-/tdigest-0.1.2.tgz",
      "integrity": "sha512-+G0LLgjjo9BZX2MfdvPfH+MKLCrxlXSYec5DaPYP1fe6Iyhf0/fSmJ0bFiZ1F8BT6cGXl2LpltQptzjXKWEkKA==",
      "dependencies": {
        "bintrees": "1.0.2"
      }
    },
    "node_modules/tslog": {
      "version": "4.9.2",
      "resolved": "https://registry.npmjs.org/tslog/-/tslog-4.9.2.tgz",
      "integrity": "sha512-wBM+LRJoNl34Bdu8mYEFxpvmOUedpNUwMNQB/NcuPIZKwdDde6xLHUev3bBjXQU7gdurX++X/YE7gLH8eXYsiQ==",
      "engines": {
        "node": ">=16"
      },
      "funding": {
        "url": "https://github.com/fullstack-build/tslog?sponsor=1"
      }
    },
    "node_modules/undici": {
      "version": "5.28.4",
      "resolved": "https://registry.npmjs.org/undici/-/undici-5.28.4.tgz",
      "integrity": "sha512-72RFADWFqKmUb2hmmvNODKL3p9hcB6Gt2DOQMis1SEBaV6a4MH8soBvzg+95CYhCKPFedut2JY9bMfrDl9D23g==",
      "dependencies": {
        "@fastify/busboy": "^2.0.0"
      },
      "engines": {
        "node": ">=14.0"
      }
    },
    "node_modules/wrap-ansi": {
      "version": "9.0.0",
      "resolved": "https://registry.npmjs.org/wrap-ansi/-/wrap-ansi-9.0.0.tgz",
      "integrity": "sha512-G8ura3S+3Z2G+mkgNRq8dqaFZAuxfsxpBB8OCTGRTCtp+l/v9nbFNmCUP1BZMts3G1142MsZfn6eeUKrr4PD1Q==",
      "dependencies": {
        "ansi-styles": "^6.2.1",
        "string-width": "^7.0.0",
        "strip-ansi": "^7.1.0"
      },
      "engines": {
        "node": ">=18"
      },
      "funding": {
        "url": "https://github.com/chalk/wrap-ansi?sponsor=1"
      }
    },
    "node_modules/yaml": {
      "version": "2.4.1",
      "resolved": "https://registry.npmjs.org/yaml/-/yaml-2.4.1.tgz",
      "integrity": "sha512-pIXzoImaqmfOrL7teGUBt/T7ZDnyeGBWyXQBvOVhLkWLN37GXv8NMLK406UY6dS51JfcQHsmcW5cJ441bHg6Lg==",
      "peer": true,
      "bin": {
        "yaml": "bin.mjs"
      },
      "engines": {
        "node": ">= 14"
      }
    },
    "node_modules/zod": {
      "version": "3.22.5",
      "resolved": "https://registry.npmjs.org/zod/-/zod-3.22.5.tgz",
      "integrity": "sha512-HqnGsCdVZ2xc0qWPLdO25WnseXThh0kEYKIdV5F/hTHO75hNZFp8thxSeHhiPrHZKrFTo1SOgkAj9po5bexZlw==",
      "funding": {
        "url": "https://github.com/sponsors/colinhacks"
      }
    }
  }
}
